
Microsoft Visual Studio Solution File, Format Version 12.00
# Visual Studio Version 17
VisualStudioVersion = 17.2.32526.322
MinimumVisualStudioVersion = 10.0.40219.1
Project("{FAE04EC0-301F-11D3-BF4B-00C04F79EFBC}") = "SD-300-Project", "SD-300-Project\SD-300-Project.csproj", "{DEBE88FF-0F09-4291-BB16-37E4889A0478}"
EndProject
Global
	GlobalSection(SolutionConfigurationPlatforms) = preSolution
		Debug|Any CPU = Debug|Any CPU
		Release|Any CPU = Release|Any CPU
	EndGlobalSection
	GlobalSection(ProjectConfigurationPlatforms) = postSolution
		{DEBE88FF-0F09-4291-BB16-37E4889A0478}.Debug|Any CPU.ActiveCfg = Debug|Any CPU
		{DEBE88FF-0F09-4291-BB16-37E4889A0478}.Debug|Any CPU.Build.0 = Debug|Any CPU
		{DEBE88FF-0F09-4291-BB16-37E4889A0478}.Release|Any CPU.ActiveCfg = Release|Any CPU
		{DEBE88FF-0F09-4291-BB16-37E4889A0478}.Release|Any CPU.Build.0 = Release|Any CPU
	EndGlobalSection
	GlobalSection(SolutionProperties) = preSolution
		HideSolutionNode = FALSE
	EndGlobalSection
	GlobalSection(ExtensibilityGlobals) = postSolution
		SolutionGuid = {F17F72C0-D5F9-4A3B-9BB0-FB3418A26881}
	EndGlobalSection
EndGlobal
